// !$*UTF8*$!
{
	archiveVersion = 1;
	classes = {
	};
	objectVersion = 56;
	objects = {

/* Begin PBXBuildFile section */
		FC48F6452B9110F500104314 /* passwords.cpp in Sources */ = {isa = PBXBuildFile; fileRef = FC48F6442B9110F500104314 /* passwords.cpp */; };
		FC48F6472B91114A00104314 /* soundex.cpp in Sources */ = {isa = PBXBuildFile; fileRef = FC48F6462B91114A00104314 /* soundex.cpp */; };
		FC7BF32D2B908CE700467786 /* main.cpp in Sources */ = {isa = PBXBuildFile; fileRef = FC7BF32C2B908CE700467786 /* main.cpp */; };
		FC7BF3352B90991800467786 /* print_text.cpp in Sources */ = {isa = PBXBuildFile; fileRef = FC7BF3332B90991700467786 /* print_text.cpp */; };
		FC7BF3372B909B7300467786 /* sum_of_numbers.cpp in Sources */ = {isa = PBXBuildFile; fileRef = FC7BF3362B909B7300467786 /* sum_of_numbers.cpp */; };
		FCC64D4A2B90B42100777545 /* inches.cpp in Sources */ = {isa = PBXBuildFile; fileRef = FCC64D492B90B42100777545 /* inches.cpp */; };
		FCC64D4C2B90B43700777545 /* ar_progression.cpp in Sources */ = {isa = PBXBuildFile; fileRef = FCC64D4B2B90B43700777545 /* ar_progression.cpp */; };
		FCC64D4E2B90B77400777545 /* queen_code.cpp in Sources */ = {isa = PBXBuildFile; fileRef = FCC64D4D2B90B77400777545 /* queen_code.cpp */; };
		FCC64D502B90B78D00777545 /* rect_triangle.cpp in Sources */ = {isa = PBXBuildFile; fileRef = FCC64D4F2B90B78D00777545 /* rect_triangle.cpp */; };
		FCC64D522B90B7A000777545 /* fiscal_year.cpp in Sources */ = {isa = PBXBuildFile; fileRef = FCC64D512B90B7A000777545 /* fiscal_year.cpp */; };
		FCC64D542B90B7B400777545 /* days_in_month.cpp in Sources */ = {isa = PBXBuildFile; fileRef = FCC64D532B90B7B400777545 /* days_in_month.cpp */; };
		FCC64D562B90B7C400777545 /* render_calendar.cpp in Sources */ = {isa = PBXBuildFile; fileRef = FCC64D552B90B7C400777545 /* render_calendar.cpp */; };
		FCC64D582B90B7D300777545 /* summa_of_digits.cpp in Sources */ = {isa = PBXBuildFile; fileRef = FCC64D572B90B7D300777545 /* summa_of_digits.cpp */; };
		FCC64D5A2B90B7E300777545 /* ln2.cpp in Sources */ = {isa = PBXBuildFile; fileRef = FCC64D592B90B7E300777545 /* ln2.cpp */; };
		FCC64D5C2B90BD3F00777545 /* sapper.cpp in Sources */ = {isa = PBXBuildFile; fileRef = FCC64D5B2B90BD3F00777545 /* sapper.cpp */; };
		FCC64D5E2B90BD4F00777545 /* palindromes.cpp in Sources */ = {isa = PBXBuildFile; fileRef = FCC64D5D2B90BD4F00777545 /* palindromes.cpp */; };
		FCC64D602B90BD5F00777545 /* desc_sort.cpp in Sources */ = {isa = PBXBuildFile; fileRef = FCC64D5F2B90BD5F00777545 /* desc_sort.cpp */; };
		FCC64D622B90BD7D00777545 /* reverse_permutation.cpp in Sources */ = {isa = PBXBuildFile; fileRef = FCC64D612B90BD7D00777545 /* reverse_permutation.cpp */; };
/* End PBXBuildFile section */

/* Begin PBXCopyFilesBuildPhase section */
		FC7BF3272B908CE700467786 /* CopyFiles */ = {
			isa = PBXCopyFilesBuildPhase;
			buildActionMask = 2147483647;
			dstPath = /usr/share/man/man1/;
			dstSubfolderSpec = 0;
			files = (
			);
			runOnlyForDeploymentPostprocessing = 1;
		};
/* End PBXCopyFilesBuildPhase section */

/* Begin PBXFileReference section */
		FC48F6432B9110B800104314 /* input.txt */ = {isa = PBXFileReference; lastKnownFileType = text; path = input.txt; sourceTree = "<group>"; };
		FC48F6442B9110F500104314 /* passwords.cpp */ = {isa = PBXFileReference; lastKnownFileType = sourcecode.cpp.cpp; path = passwords.cpp; sourceTree = "<group>"; };
		FC48F6462B91114A00104314 /* soundex.cpp */ = {isa = PBXFileReference; lastKnownFileType = sourcecode.cpp.cpp; path = soundex.cpp; sourceTree = "<group>"; };
		FC7BF3292B908CE700467786 /* C++ practice */ = {isa = PBXFileReference; explicitFileType = "compiled.mach-o.executable"; includeInIndex = 0; path = "C++ practice"; sourceTree = BUILT_PRODUCTS_DIR; };
		FC7BF32C2B908CE700467786 /* main.cpp */ = {isa = PBXFileReference; lastKnownFileType = sourcecode.cpp.cpp; path = main.cpp; sourceTree = "<group>"; };
		FC7BF3332B90991700467786 /* print_text.cpp */ = {isa = PBXFileReference; lastKnownFileType = sourcecode.cpp.cpp; path = print_text.cpp; sourceTree = "<group>"; };
		FC7BF3362B909B7300467786 /* sum_of_numbers.cpp */ = {isa = PBXFileReference; lastKnownFileType = sourcecode.cpp.cpp; path = sum_of_numbers.cpp; sourceTree = "<group>"; };
		FCC64D492B90B42100777545 /* inches.cpp */ = {isa = PBXFileReference; lastKnownFileType = sourcecode.cpp.cpp; path = inches.cpp; sourceTree = "<group>"; };
		FCC64D4B2B90B43700777545 /* ar_progression.cpp */ = {isa = PBXFileReference; lastKnownFileType = sourcecode.cpp.cpp; path = ar_progression.cpp; sourceTree = "<group>"; };
		FCC64D4D2B90B77400777545 /* queen_code.cpp */ = {isa = PBXFileReference; lastKnownFileType = sourcecode.cpp.cpp; path = queen_code.cpp; sourceTree = "<group>"; };
		FCC64D4F2B90B78D00777545 /* rect_triangle.cpp */ = {isa = PBXFileReference; lastKnownFileType = sourcecode.cpp.cpp; path = rect_triangle.cpp; sourceTree = "<group>"; };
		FCC64D512B90B7A000777545 /* fiscal_year.cpp */ = {isa = PBXFileReference; lastKnownFileType = sourcecode.cpp.cpp; path = fiscal_year.cpp; sourceTree = "<group>"; };
		FCC64D532B90B7B400777545 /* days_in_month.cpp */ = {isa = PBXFileReference; lastKnownFileType = sourcecode.cpp.cpp; path = days_in_month.cpp; sourceTree = "<group>"; };
		FCC64D552B90B7C400777545 /* render_calendar.cpp */ = {isa = PBXFileReference; lastKnownFileType = sourcecode.cpp.cpp; path = render_calendar.cpp; sourceTree = "<group>"; };
		FCC64D572B90B7D300777545 /* summa_of_digits.cpp */ = {isa = PBXFileReference; lastKnownFileType = sourcecode.cpp.cpp; path = summa_of_digits.cpp; sourceTree = "<group>"; };
		FCC64D592B90B7E300777545 /* ln2.cpp */ = {isa = PBXFileReference; lastKnownFileType = sourcecode.cpp.cpp; path = ln2.cpp; sourceTree = "<group>"; };
		FCC64D5B2B90BD3F00777545 /* sapper.cpp */ = {isa = PBXFileReference; lastKnownFileType = sourcecode.cpp.cpp; path = sapper.cpp; sourceTree = "<group>"; };
		FCC64D5D2B90BD4F00777545 /* palindromes.cpp */ = {isa = PBXFileReference; lastKnownFileType = sourcecode.cpp.cpp; path = palindromes.cpp; sourceTree = "<group>"; };
		FCC64D5F2B90BD5F00777545 /* desc_sort.cpp */ = {isa = PBXFileReference; lastKnownFileType = sourcecode.cpp.cpp; path = desc_sort.cpp; sourceTree = "<group>"; };
		FCC64D612B90BD7D00777545 /* reverse_permutation.cpp */ = {isa = PBXFileReference; lastKnownFileType = sourcecode.cpp.cpp; path = reverse_permutation.cpp; sourceTree = "<group>"; };
/* End PBXFileReference section */

/* Begin PBXFrameworksBuildPhase section */
		FC7BF3262B908CE700467786 /* Frameworks */ = {
			isa = PBXFrameworksBuildPhase;
			buildActionMask = 2147483647;
			files = (
			);
			runOnlyForDeploymentPostprocessing = 0;
		};
/* End PBXFrameworksBuildPhase section */

/* Begin PBXGroup section */
		FC7BF3202B908CE700467786 = {
			isa = PBXGroup;
			children = (
				FC48F6432B9110B800104314 /* input.txt */,
				FC7BF32B2B908CE700467786 /* C++ practice */,
				FC7BF32A2B908CE700467786 /* Products */,
			);
			sourceTree = "<group>";
		};
		FC7BF32A2B908CE700467786 /* Products */ = {
			isa = PBXGroup;
			children = (
				FC7BF3292B908CE700467786 /* C++ practice */,
			);
			name = Products;
			sourceTree = "<group>";
		};
		FC7BF32B2B908CE700467786 /* C++ practice */ = {
			isa = PBXGroup;
			children = (
				FCC64D5B2B90BD3F00777545 /* sapper.cpp */,
				FCC64D612B90BD7D00777545 /* reverse_permutation.cpp */,
				FCC64D5F2B90BD5F00777545 /* desc_sort.cpp */,
				FCC64D5D2B90BD4F00777545 /* palindromes.cpp */,
				FCC64D592B90B7E300777545 /* ln2.cpp */,
				FCC64D572B90B7D300777545 /* summa_of_digits.cpp */,
				FCC64D552B90B7C400777545 /* render_calendar.cpp */,
				FCC64D532B90B7B400777545 /* days_in_month.cpp */,
				FCC64D512B90B7A000777545 /* fiscal_year.cpp */,
				FCC64D4F2B90B78D00777545 /* rect_triangle.cpp */,
				FCC64D4D2B90B77400777545 /* queen_code.cpp */,
				FCC64D4B2B90B43700777545 /* ar_progression.cpp */,
				FC7BF3362B909B7300467786 /* sum_of_numbers.cpp */,
				FC7BF3332B90991700467786 /* print_text.cpp */,
				FC7BF32C2B908CE700467786 /* main.cpp */,
				FCC64D492B90B42100777545 /* inches.cpp */,
				FC48F6442B9110F500104314 /* passwords.cpp */,
				FC48F6462B91114A00104314 /* soundex.cpp */,
			);
			path = "C++ practice";
			sourceTree = "<group>";
		};
/* End PBXGroup section */

/* Begin PBXNativeTarget section */
		FC7BF3282B908CE700467786 /* C++ practice */ = {
			isa = PBXNativeTarget;
			buildConfigurationList = FC7BF3302B908CE700467786 /* Build configuration list for PBXNativeTarget "C++ practice" */;
			buildPhases = (
				FC7BF3252B908CE700467786 /* Sources */,
				FC7BF3262B908CE700467786 /* Frameworks */,
				FC7BF3272B908CE700467786 /* CopyFiles */,
			);
			buildRules = (
			);
			dependencies = (
			);
			name = "C++ practice";
			productName = "C++ practice";
			productReference = FC7BF3292B908CE700467786 /* C++ practice */;
			productType = "com.apple.product-type.tool";
		};
/* End PBXNativeTarget section */

/* Begin PBXProject section */
		FC7BF3212B908CE700467786 /* Project object */ = {
			isa = PBXProject;
			attributes = {
				BuildIndependentTargetsInParallel = 1;
				LastUpgradeCheck = 1420;
				TargetAttributes = {
					FC7BF3282B908CE700467786 = {
						CreatedOnToolsVersion = 14.2;
					};
				};
			};
			buildConfigurationList = FC7BF3242B908CE700467786 /* Build configuration list for PBXProject "C++ practice" */;
			compatibilityVersion = "Xcode 14.0";
			developmentRegion = en;
			hasScannedForEncodings = 0;
			knownRegions = (
				en,
				Base,
			);
			mainGroup = FC7BF3202B908CE700467786;
			productRefGroup = FC7BF32A2B908CE700467786 /* Products */;
			projectDirPath = "";
			projectRoot = "";
			targets = (
				FC7BF3282B908CE700467786 /* C++ practice */,
			);
		};
/* End PBXProject section */

/* Begin PBXSourcesBuildPhase section */
		FC7BF3252B908CE700467786 /* Sources */ = {
			isa = PBXSourcesBuildPhase;
			buildActionMask = 2147483647;
			files = (
				FCC64D5A2B90B7E300777545 /* ln2.cpp in Sources */,
				FC7BF3352B90991800467786 /* print_text.cpp in Sources */,
				FCC64D4E2B90B77400777545 /* queen_code.cpp in Sources */,
				FCC64D522B90B7A000777545 /* fiscal_year.cpp in Sources */,
				FCC64D5E2B90BD4F00777545 /* palindromes.cpp in Sources */,
				FCC64D4A2B90B42100777545 /* inches.cpp in Sources */,
				FCC64D582B90B7D300777545 /* summa_of_digits.cpp in Sources */,
				FC7BF3372B909B7300467786 /* sum_of_numbers.cpp in Sources */,
				FCC64D5C2B90BD3F00777545 /* sapper.cpp in Sources */,
				FCC64D4C2B90B43700777545 /* ar_progression.cpp in Sources */,
				FCC64D602B90BD5F00777545 /* desc_sort.cpp in Sources */,
				FCC64D622B90BD7D00777545 /* reverse_permutation.cpp in Sources */,
				FCC64D502B90B78D00777545 /* rect_triangle.cpp in Sources */,
				FCC64D562B90B7C400777545 /* render_calendar.cpp in Sources */,
				FC48F6472B91114A00104314 /* soundex.cpp in Sources */,
				FCC64D542B90B7B400777545 /* days_in_month.cpp in Sources */,
				FC48F6452B9110F500104314 /* passwords.cpp in Sources */,
				FC7BF32D2B908CE700467786 /* main.cpp in Sources */,
			);
			runOnlyForDeploymentPostprocessing = 0;
		};
/* End PBXSourcesBuildPhase section */

/* Begin XCBuildConfiguration section */
		FC7BF32E2B908CE700467786 /* Debug */ = {
			isa = XCBuildConfiguration;
			buildSettings = {
				ALWAYS_SEARCH_USER_PATHS = NO;
				CLANG_ANALYZER_NONNULL = YES;
				CLANG_ANALYZER_NUMBER_OBJECT_CONVERSION = YES_AGGRESSIVE;
				CLANG_CXX_LANGUAGE_STANDARD = "gnu++20";
				CLANG_ENABLE_MODULES = YES;
				CLANG_ENABLE_OBJC_ARC = YES;
				CLANG_ENABLE_OBJC_WEAK = YES;
				CLANG_WARN_BLOCK_CAPTURE_AUTORELEASING = YES;
				CLANG_WARN_BOOL_CONVERSION = YES;
				CLANG_WARN_COMMA = YES;
				CLANG_WARN_CONSTANT_CONVERSION = YES;
				CLANG_WARN_DEPRECATED_OBJC_IMPLEMENTATIONS = YES;
				CLANG_WARN_DIRECT_OBJC_ISA_USAGE = YES_ERROR;
				CLANG_WARN_DOCUMENTATION_COMMENTS = YES;
				CLANG_WARN_EMPTY_BODY = YES;
				CLANG_WARN_ENUM_CONVERSION = YES;
				CLANG_WARN_INFINITE_RECURSION = YES;
				CLANG_WARN_INT_CONVERSION = YES;
				CLANG_WARN_NON_LITERAL_NULL_CONVERSION = YES;
				CLANG_WARN_OBJC_IMPLICIT_RETAIN_SELF = YES;
				CLANG_WARN_OBJC_LITERAL_CONVERSION = YES;
				CLANG_WARN_OBJC_ROOT_CLASS = YES_ERROR;
				CLANG_WARN_QUOTED_INCLUDE_IN_FRAMEWORK_HEADER = YES;
				CLANG_WARN_RANGE_LOOP_ANALYSIS = YES;
				CLANG_WARN_STRICT_PROTOTYPES = YES;
				CLANG_WARN_SUSPICIOUS_MOVE = YES;
				CLANG_WARN_UNGUARDED_AVAILABILITY = YES_AGGRESSIVE;
				CLANG_WARN_UNREACHABLE_CODE = YES;
				CLANG_WARN__DUPLICATE_METHOD_MATCH = YES;
				COPY_PHASE_STRIP = NO;
				DEBUG_INFORMATION_FORMAT = dwarf;
				ENABLE_STRICT_OBJC_MSGSEND = YES;
				ENABLE_TESTABILITY = YES;
				GCC_C_LANGUAGE_STANDARD = gnu11;
				GCC_DYNAMIC_NO_PIC = NO;
				GCC_NO_COMMON_BLOCKS = YES;
				GCC_OPTIMIZATION_LEVEL = 0;
				GCC_PREPROCESSOR_DEFINITIONS = (
					"DEBUG=1",
					"$(inherited)",
				);
				GCC_WARN_64_TO_32_BIT_CONVERSION = YES;
				GCC_WARN_ABOUT_RETURN_TYPE = YES_ERROR;
				GCC_WARN_UNDECLARED_SELECTOR = YES;
				GCC_WARN_UNINITIALIZED_AUTOS = YES_AGGRESSIVE;
				GCC_WARN_UNUSED_FUNCTION = YES;
				GCC_WARN_UNUSED_VARIABLE = YES;
				MACOSX_DEPLOYMENT_TARGET = 12.7;
				MTL_ENABLE_DEBUG_INFO = INCLUDE_SOURCE;
				MTL_FAST_MATH = YES;
				ONLY_ACTIVE_ARCH = YES;
				SDKROOT = macosx;
			};
			name = Debug;
		};
		FC7BF32F2B908CE700467786 /* Release */ = {
			isa = XCBuildConfiguration;
			buildSettings = {
				ALWAYS_SEARCH_USER_PATHS = NO;
				CLANG_ANALYZER_NONNULL = YES;
				CLANG_ANALYZER_NUMBER_OBJECT_CONVERSION = YES_AGGRESSIVE;
				CLANG_CXX_LANGUAGE_STANDARD = "gnu++20";
				CLANG_ENABLE_MODULES = YES;
				CLANG_ENABLE_OBJC_ARC = YES;
				CLANG_ENABLE_OBJC_WEAK = YES;
				CLANG_WARN_BLOCK_CAPTURE_AUTORELEASING = YES;
				CLANG_WARN_BOOL_CONVERSION = YES;
				CLANG_WARN_COMMA = YES;
				CLANG_WARN_CONSTANT_CONVERSION = YES;
				CLANG_WARN_DEPRECATED_OBJC_IMPLEMENTATIONS = YES;
				CLANG_WARN_DIRECT_OBJC_ISA_USAGE = YES_ERROR;
				CLANG_WARN_DOCUMENTATION_COMMENTS = YES;
				CLANG_WARN_EMPTY_BODY = YES;
				CLANG_WARN_ENUM_CONVERSION = YES;
				CLANG_WARN_INFINITE_RECURSION = YES;
				CLANG_WARN_INT_CONVERSION = YES;
				CLANG_WARN_NON_LITERAL_NULL_CONVERSION = YES;
				CLANG_WARN_OBJC_IMPLICIT_RETAIN_SELF = YES;
				CLANG_WARN_OBJC_LITERAL_CONVERSION = YES;
				CLANG_WARN_OBJC_ROOT_CLASS = YES_ERROR;
				CLANG_WARN_QUOTED_INCLUDE_IN_FRAMEWORK_HEADER = YES;
				CLANG_WARN_RANGE_LOOP_ANALYSIS = YES;
				CLANG_WARN_STRICT_PROTOTYPES = YES;
				CLANG_WARN_SUSPICIOUS_MOVE = YES;
				CLANG_WARN_UNGUARDED_AVAILABILITY = YES_AGGRESSIVE;
				CLANG_WARN_UNREACHABLE_CODE = YES;
				CLANG_WARN__DUPLICATE_METHOD_MATCH = YES;
				COPY_PHASE_STRIP = NO;
				DEBUG_INFORMATION_FORMAT = "dwarf-with-dsym";
				ENABLE_NS_ASSERTIONS = NO;
				ENABLE_STRICT_OBJC_MSGSEND = YES;
				GCC_C_LANGUAGE_STANDARD = gnu11;
				GCC_NO_COMMON_BLOCKS = YES;
				GCC_WARN_64_TO_32_BIT_CONVERSION = YES;
				GCC_WARN_ABOUT_RETURN_TYPE = YES_ERROR;
				GCC_WARN_UNDECLARED_SELECTOR = YES;
				GCC_WARN_UNINITIALIZED_AUTOS = YES_AGGRESSIVE;
				GCC_WARN_UNUSED_FUNCTION = YES;
				GCC_WARN_UNUSED_VARIABLE = YES;
				MACOSX_DEPLOYMENT_TARGET = 12.7;
				MTL_ENABLE_DEBUG_INFO = NO;
				MTL_FAST_MATH = YES;
				SDKROOT = macosx;
			};
			name = Release;
		};
		FC7BF3312B908CE700467786 /* Debug */ = {
			isa = XCBuildConfiguration;
			buildSettings = {
				CODE_SIGN_STYLE = Automatic;
				DEVELOPMENT_TEAM = 8362PYSU65;
				ENABLE_HARDENED_RUNTIME = YES;
				PRODUCT_NAME = "$(TARGET_NAME)";
			};
			name = Debug;
		};
		FC7BF3322B908CE700467786 /* Release */ = {
			isa = XCBuildConfiguration;
			buildSettings = {
				CODE_SIGN_STYLE = Automatic;
				DEVELOPMENT_TEAM = 8362PYSU65;
				ENABLE_HARDENED_RUNTIME = YES;
				PRODUCT_NAME = "$(TARGET_NAME)";
			};
			name = Release;
		};
/* End XCBuildConfiguration section */

/* Begin XCConfigurationList section */
		FC7BF3242B908CE700467786 /* Build configuration list for PBXProject "C++ practice" */ = {
			isa = XCConfigurationList;
			buildConfigurations = (
				FC7BF32E2B908CE700467786 /* Debug */,
				FC7BF32F2B908CE700467786 /* Release */,
			);
			defaultConfigurationIsVisible = 0;
			defaultConfigurationName = Release;
		};
		FC7BF3302B908CE700467786 /* Build configuration list for PBXNativeTarget "C++ practice" */ = {
			isa = XCConfigurationList;
			buildConfigurations = (
				FC7BF3312B908CE700467786 /* Debug */,
				FC7BF3322B908CE700467786 /* Release */,
			);
			defaultConfigurationIsVisible = 0;
			defaultConfigurationName = Release;
		};
/* End XCConfigurationList section */
	};
	rootObject = FC7BF3212B908CE700467786 /* Project object */;
}
